
Microsoft Visual Studio Solution File, Format Version 12.00
# Visual Studio Version 16
VisualStudioVersion = 16.0.29123.88
MinimumVisualStudioVersion = 10.0.40219.1
Project("{FAE04EC0-301F-11D3-BF4B-00C04F79EFBC}") = "Somewhere", "Somewhere\Somewhere.csproj", "{DAE4910D-1A02-4CA3-806D-A2B0B0A18B99}"
EndProject
Project("{FAE04EC0-301F-11D3-BF4B-00C04F79EFBC}") = "SomewhereDesktop", "SomewhereDesktop\SomewhereDesktop.csproj", "{F8348F8D-433C-400D-8D59-7A6E1131F789}"
EndProject
Global
	GlobalSection(SolutionConfigurationPlatforms) = preSolution
		Debug|Any CPU = Debug|Any CPU
		Release|Any CPU = Release|Any CPU
	EndGlobalSection
	GlobalSection(ProjectConfigurationPlatforms) = postSolution
		{DAE4910D-1A02-4CA3-806D-A2B0B0A18B99}.Debug|Any CPU.ActiveCfg = Debug|Any CPU
		{DAE4910D-1A02-4CA3-806D-A2B0B0A18B99}.Debug|Any CPU.Build.0 = Debug|Any CPU
		{DAE4910D-1A02-4CA3-806D-A2B0B0A18B99}.Release|Any CPU.ActiveCfg = Release|Any CPU
		{DAE4910D-1A02-4CA3-806D-A2B0B0A18B99}.Release|Any CPU.Build.0 = Release|Any CPU
		{F8348F8D-433C-400D-8D59-7A6E1131F789}.Debug|Any CPU.ActiveCfg = Debug|Any CPU
		{F8348F8D-433C-400D-8D59-7A6E1131F789}.Debug|Any CPU.Build.0 = Debug|Any CPU
		{F8348F8D-433C-400D-8D59-7A6E1131F789}.Release|Any CPU.ActiveCfg = Release|Any CPU
		{F8348F8D-433C-400D-8D59-7A6E1131F789}.Release|Any CPU.Build.0 = Release|Any CPU
	EndGlobalSection
	GlobalSection(SolutionProperties) = preSolution
		HideSolutionNode = FALSE
	EndGlobalSection
	GlobalSection(ExtensibilityGlobals) = postSolution
		SolutionGuid = {DDD2903C-F1B1-46EC-ADB7-F43BA683F759}
	EndGlobalSection
EndGlobal
